
Microsoft Visual Studio Solution File, Format Version 12.00
# Visual Studio Version 17
VisualStudioVersion = 17.14.36414.22 d17.14
MinimumVisualStudioVersion = 10.0.40219.1
Project("{FAE04EC0-301F-11D3-BF4B-00C04F79EFBC}") = "IntegertoRoman", "IntegertoRoman.csproj", "{4EC11D24-84E9-4280-B9D4-51FA990ED115}"
EndProject
Global
	GlobalSection(SolutionConfigurationPlatforms) = preSolution
		Debug|Any CPU = Debug|Any CPU
		Release|Any CPU = Release|Any CPU
	EndGlobalSection
	GlobalSection(ProjectConfigurationPlatforms) = postSolution
		{4EC11D24-84E9-4280-B9D4-51FA990ED115}.Debug|Any CPU.ActiveCfg = Debug|Any CPU
		{4EC11D24-84E9-4280-B9D4-51FA990ED115}.Debug|Any CPU.Build.0 = Debug|Any CPU
		{4EC11D24-84E9-4280-B9D4-51FA990ED115}.Release|Any CPU.ActiveCfg = Release|Any CPU
		{4EC11D24-84E9-4280-B9D4-51FA990ED115}.Release|Any CPU.Build.0 = Release|Any CPU
	EndGlobalSection
	GlobalSection(SolutionProperties) = preSolution
		HideSolutionNode = FALSE
	EndGlobalSection
	GlobalSection(ExtensibilityGlobals) = postSolution
		SolutionGuid = {BBB67D35-A1DB-4C58-A949-257D8584258A}
	EndGlobalSection
EndGlobal
