
Microsoft Visual Studio Solution File, Format Version 12.00
# Visual Studio Version 17
VisualStudioVersion = 17.14.36804.6 d17.14
MinimumVisualStudioVersion = 10.0.40219.1
Project("{FAE04EC0-301F-11D3-BF4B-00C04F79EFBC}") = "RemoveNthNodeFromEndofList", "RemoveNthNodeFromEndofList.csproj", "{7866429D-4373-42A7-A940-A1FAB366B7B9}"
EndProject
Global
	GlobalSection(SolutionConfigurationPlatforms) = preSolution
		Debug|Any CPU = Debug|Any CPU
		Release|Any CPU = Release|Any CPU
	EndGlobalSection
	GlobalSection(ProjectConfigurationPlatforms) = postSolution
		{7866429D-4373-42A7-A940-A1FAB366B7B9}.Debug|Any CPU.ActiveCfg = Debug|Any CPU
		{7866429D-4373-42A7-A940-A1FAB366B7B9}.Debug|Any CPU.Build.0 = Debug|Any CPU
		{7866429D-4373-42A7-A940-A1FAB366B7B9}.Release|Any CPU.ActiveCfg = Release|Any CPU
		{7866429D-4373-42A7-A940-A1FAB366B7B9}.Release|Any CPU.Build.0 = Release|Any CPU
	EndGlobalSection
	GlobalSection(SolutionProperties) = preSolution
		HideSolutionNode = FALSE
	EndGlobalSection
	GlobalSection(ExtensibilityGlobals) = postSolution
		SolutionGuid = {F2C55CE1-5075-4C06-BFF6-8222937B8091}
	EndGlobalSection
EndGlobal
