
Microsoft Visual Studio Solution File, Format Version 12.00
# Visual Studio Version 17
VisualStudioVersion = 17.13.36105.23 d17.13
MinimumVisualStudioVersion = 10.0.40219.1
Project("{FAE04EC0-301F-11D3-BF4B-00C04F79EFBC}") = "LongestSubstringWithoutRepeatingCharacters", "LongestSubstringWithoutRepeatingCharacters.csproj", "{7B8D1D9F-DA7A-4BB8-99BF-4BABD433739A}"
EndProject
Global
	GlobalSection(SolutionConfigurationPlatforms) = preSolution
		Debug|Any CPU = Debug|Any CPU
		Release|Any CPU = Release|Any CPU
	EndGlobalSection
	GlobalSection(ProjectConfigurationPlatforms) = postSolution
		{7B8D1D9F-DA7A-4BB8-99BF-4BABD433739A}.Debug|Any CPU.ActiveCfg = Debug|Any CPU
		{7B8D1D9F-DA7A-4BB8-99BF-4BABD433739A}.Debug|Any CPU.Build.0 = Debug|Any CPU
		{7B8D1D9F-DA7A-4BB8-99BF-4BABD433739A}.Release|Any CPU.ActiveCfg = Release|Any CPU
		{7B8D1D9F-DA7A-4BB8-99BF-4BABD433739A}.Release|Any CPU.Build.0 = Release|Any CPU
	EndGlobalSection
	GlobalSection(SolutionProperties) = preSolution
		HideSolutionNode = FALSE
	EndGlobalSection
	GlobalSection(ExtensibilityGlobals) = postSolution
		SolutionGuid = {12ACD168-30A8-4917-936B-EC1EB2FABD6D}
	EndGlobalSection
EndGlobal
