
Microsoft Visual Studio Solution File, Format Version 12.00
# Visual Studio Version 17
VisualStudioVersion = 17.14.36414.22 d17.14
MinimumVisualStudioVersion = 10.0.40219.1
Project("{FAE04EC0-301F-11D3-BF4B-00C04F79EFBC}") = "InvertBinaryTree", "InvertBinaryTree.csproj", "{01D6F500-6539-4720-893B-BCA218DC8859}"
EndProject
Global
	GlobalSection(SolutionConfigurationPlatforms) = preSolution
		Debug|Any CPU = Debug|Any CPU
		Release|Any CPU = Release|Any CPU
	EndGlobalSection
	GlobalSection(ProjectConfigurationPlatforms) = postSolution
		{01D6F500-6539-4720-893B-BCA218DC8859}.Debug|Any CPU.ActiveCfg = Debug|Any CPU
		{01D6F500-6539-4720-893B-BCA218DC8859}.Debug|Any CPU.Build.0 = Debug|Any CPU
		{01D6F500-6539-4720-893B-BCA218DC8859}.Release|Any CPU.ActiveCfg = Release|Any CPU
		{01D6F500-6539-4720-893B-BCA218DC8859}.Release|Any CPU.Build.0 = Release|Any CPU
	EndGlobalSection
	GlobalSection(SolutionProperties) = preSolution
		HideSolutionNode = FALSE
	EndGlobalSection
	GlobalSection(ExtensibilityGlobals) = postSolution
		SolutionGuid = {F31E25DF-8DD7-45F1-9AA0-9B5DBB719898}
	EndGlobalSection
EndGlobal
