
Microsoft Visual Studio Solution File, Format Version 12.00
# Visual Studio Version 17
VisualStudioVersion = 17.14.36414.22 d17.14
MinimumVisualStudioVersion = 10.0.40219.1
Project("{FAE04EC0-301F-11D3-BF4B-00C04F79EFBC}") = "LongestCommonPrefix", "LongestCommonPrefix.csproj", "{DCDA10CA-54BB-422D-A1A4-222DA7EC2643}"
EndProject
Global
	GlobalSection(SolutionConfigurationPlatforms) = preSolution
		Debug|Any CPU = Debug|Any CPU
		Release|Any CPU = Release|Any CPU
	EndGlobalSection
	GlobalSection(ProjectConfigurationPlatforms) = postSolution
		{DCDA10CA-54BB-422D-A1A4-222DA7EC2643}.Debug|Any CPU.ActiveCfg = Debug|Any CPU
		{DCDA10CA-54BB-422D-A1A4-222DA7EC2643}.Debug|Any CPU.Build.0 = Debug|Any CPU
		{DCDA10CA-54BB-422D-A1A4-222DA7EC2643}.Release|Any CPU.ActiveCfg = Release|Any CPU
		{DCDA10CA-54BB-422D-A1A4-222DA7EC2643}.Release|Any CPU.Build.0 = Release|Any CPU
	EndGlobalSection
	GlobalSection(SolutionProperties) = preSolution
		HideSolutionNode = FALSE
	EndGlobalSection
	GlobalSection(ExtensibilityGlobals) = postSolution
		SolutionGuid = {CF3FC6CA-8075-4DEE-BD1E-46C8C7B6B92A}
	EndGlobalSection
EndGlobal
