
Microsoft Visual Studio Solution File, Format Version 12.00
# Visual Studio Version 17
VisualStudioVersion = 17.14.36414.22 d17.14
MinimumVisualStudioVersion = 10.0.40219.1
Project("{FAE04EC0-301F-11D3-BF4B-00C04F79EFBC}") = "3Sum", "3Sum.csproj", "{C5F1B54A-37D2-4366-9367-3EFA8B1ACFBB}"
EndProject
Global
	GlobalSection(SolutionConfigurationPlatforms) = preSolution
		Debug|Any CPU = Debug|Any CPU
		Release|Any CPU = Release|Any CPU
	EndGlobalSection
	GlobalSection(ProjectConfigurationPlatforms) = postSolution
		{C5F1B54A-37D2-4366-9367-3EFA8B1ACFBB}.Debug|Any CPU.ActiveCfg = Debug|Any CPU
		{C5F1B54A-37D2-4366-9367-3EFA8B1ACFBB}.Debug|Any CPU.Build.0 = Debug|Any CPU
		{C5F1B54A-37D2-4366-9367-3EFA8B1ACFBB}.Release|Any CPU.ActiveCfg = Release|Any CPU
		{C5F1B54A-37D2-4366-9367-3EFA8B1ACFBB}.Release|Any CPU.Build.0 = Release|Any CPU
	EndGlobalSection
	GlobalSection(SolutionProperties) = preSolution
		HideSolutionNode = FALSE
	EndGlobalSection
	GlobalSection(ExtensibilityGlobals) = postSolution
		SolutionGuid = {18AA4C61-C28C-4C71-BD68-612BE829BECC}
	EndGlobalSection
EndGlobal
