
Microsoft Visual Studio Solution File, Format Version 12.00
# Visual Studio Version 17
VisualStudioVersion = 17.14.36414.22 d17.14
MinimumVisualStudioVersion = 10.0.40219.1
Project("{FAE04EC0-301F-11D3-BF4B-00C04F79EFBC}") = "ContainerWithMostWater", "ContainerWithMostWater.csproj", "{102B09B7-C827-4013-A2C8-8D9B38F04197}"
EndProject
Global
	GlobalSection(SolutionConfigurationPlatforms) = preSolution
		Debug|Any CPU = Debug|Any CPU
		Release|Any CPU = Release|Any CPU
	EndGlobalSection
	GlobalSection(ProjectConfigurationPlatforms) = postSolution
		{102B09B7-C827-4013-A2C8-8D9B38F04197}.Debug|Any CPU.ActiveCfg = Debug|Any CPU
		{102B09B7-C827-4013-A2C8-8D9B38F04197}.Debug|Any CPU.Build.0 = Debug|Any CPU
		{102B09B7-C827-4013-A2C8-8D9B38F04197}.Release|Any CPU.ActiveCfg = Release|Any CPU
		{102B09B7-C827-4013-A2C8-8D9B38F04197}.Release|Any CPU.Build.0 = Release|Any CPU
	EndGlobalSection
	GlobalSection(SolutionProperties) = preSolution
		HideSolutionNode = FALSE
	EndGlobalSection
	GlobalSection(ExtensibilityGlobals) = postSolution
		SolutionGuid = {E1849CFB-C38C-457E-BF26-017EECFFA16A}
	EndGlobalSection
EndGlobal
